
Microsoft Visual Studio Solution File, Format Version 12.00
# Visual Studio 15
VisualStudioVersion = 15.0.26730.10
MinimumVisualStudioVersion = 10.0.40219.1
Project("{9A19103F-16F7-4668-BE54-9A1E7A4F7556}") = "eXtensoft.XF.Core.Abstractions", "src\eXtensoft.XF.Core.Abstractions\eXtensoft.XF.Core.Abstractions.csproj", "{CF09EA5A-A1C4-4641-AECD-89E0D43B4BB9}"
EndProject
Project("{9A19103F-16F7-4668-BE54-9A1E7A4F7556}") = "eXtensoft.XF.Data.Abstractions", "src\eXtensoft.XF.Data.Abstractions\eXtensoft.XF.Data.Abstractions.csproj", "{6F47994F-3BD7-4B4E-BF5C-45839D9136FE}"
EndProject
Project("{9A19103F-16F7-4668-BE54-9A1E7A4F7556}") = "eXtensoft.XF.Core.Abstractions.Test", "test\eXtensoft.XF.Core.Abstractions.Test\eXtensoft.XF.Core.Abstractions.Test.csproj", "{89A6D9F7-2EA3-4B67-9791-340E37F5524D}"
EndProject
Project("{9A19103F-16F7-4668-BE54-9A1E7A4F7556}") = "eXtensoft.XF.Data.Abstractions.Test", "test\eXtensoft.XF.Data.Abstractions.Test\eXtensoft.XF.Data.Abstractions.Test.csproj", "{8237DAB5-BFA6-4483-8F2D-71729D856064}"
EndProject
Project("{2150E333-8FDC-42A3-9474-1A3956D46DE8}") = "src", "src", "{5262C798-6852-46E1-B837-57D13812DC84}"
EndProject
Project("{2150E333-8FDC-42A3-9474-1A3956D46DE8}") = "test", "test", "{7852C702-B264-4E3D-97B0-A2DE94B9BB04}"
EndProject
Project("{2150E333-8FDC-42A3-9474-1A3956D46DE8}") = "project.notes", "project.notes", "{DF7B5C0A-1CBB-48DC-A5BB-AC735F98A8BD}"
	ProjectSection(SolutionItems) = preProject
		notes.project.txt = notes.project.txt
	EndProjectSection
EndProject
Project("{2150E333-8FDC-42A3-9474-1A3956D46DE8}") = "xap", "xap", "{60E22615-BBEA-42B1-A99E-4462F5C6746D}"
	ProjectSection(SolutionItems) = preProject
		xap.project.xf-core = xap.project.xf-core
	EndProjectSection
EndProject
Project("{9A19103F-16F7-4668-BE54-9A1E7A4F7556}") = "eXtensoft.XF.Data.SqlServer.Test", "test\eXtensoft.XF.Data.SqlServer.Test\eXtensoft.XF.Data.SqlServer.Test.csproj", "{475ACCF1-795F-4D0D-9DA7-1E7D72D908B1}"
EndProject
Project("{9A19103F-16F7-4668-BE54-9A1E7A4F7556}") = "eXtensoft.XF.Data.SqlServer", "src\eXtensoft.XF.Data.SqlServer\eXtensoft.XF.Data.SqlServer.csproj", "{F6D2FDF1-84A8-4FB7-B7CC-C57A009CFD21}"
EndProject
Project("{9A19103F-16F7-4668-BE54-9A1E7A4F7556}") = "eXtensoft.XF.Data.MySql", "src\eXtensoft.XF.Data.MySql\eXtensoft.XF.Data.MySql.csproj", "{ED521A38-FB4A-43AD-9B42-CD4CE9904C2E}"
EndProject
Project("{9A19103F-16F7-4668-BE54-9A1E7A4F7556}") = "eXtensoft.XF.Data.PostgreSQL", "src\eXtensoft.XF.Data.PostgreSQL\eXtensoft.XF.Data.PostgreSQL.csproj", "{FC616ADC-9904-49DB-B081-0B10CB61B673}"
EndProject
Project("{9A19103F-16F7-4668-BE54-9A1E7A4F7556}") = "eXtensoft.XF.Data.MariaDB", "src\eXtensoft.XF.Data.MariaDB\eXtensoft.XF.Data.MariaDB.csproj", "{FB9CB1E6-F474-4DCB-833A-98FB5D1C5774}"
EndProject
Project("{9A19103F-16F7-4668-BE54-9A1E7A4F7556}") = "eXtensoft.XF.Data.Neo4j", "src\eXtensoft.XF.Data.Neo4j\eXtensoft.XF.Data.Neo4j.csproj", "{990315CE-0C31-4158-8212-36C556AD6C00}"
EndProject
Project("{2150E333-8FDC-42A3-9474-1A3956D46DE8}") = "data.extensions", "data.extensions", "{894576DE-EF6D-4552-92B1-4995B9BB8A08}"
EndProject
Project("{2150E333-8FDC-42A3-9474-1A3956D46DE8}") = "demo", "demo", "{52C7F042-7B86-4B6D-996C-4FDC31D0880B}"
EndProject
Project("{9A19103F-16F7-4668-BE54-9A1E7A4F7556}") = "eXtensoft.Demo.Model", "demo\eXtensoft.Demo.Model\eXtensoft.Demo.Model.csproj", "{DF15CED9-BF31-41FC-9698-F30A747F53BF}"
EndProject
Project("{9A19103F-16F7-4668-BE54-9A1E7A4F7556}") = "eXtensoft.Demo.Data.PostgreSQL", "demo\eXtensoft.Demo.Data.PostgreSQL\eXtensoft.Demo.Data.PostgreSQL.csproj", "{ABBE08BA-C467-4C16-BB97-72264AEADF87}"
EndProject
Project("{9A19103F-16F7-4668-BE54-9A1E7A4F7556}") = "eXtensoft.Demo.Data", "demo\eXtensoft.Demo.Data\eXtensoft.Demo.Data.csproj", "{730519F9-4CE6-4666-9782-9FACF63FB6BB}"
EndProject
Project("{9A19103F-16F7-4668-BE54-9A1E7A4F7556}") = "eXtensoft.Demo.Consolas", "demo\eXtensoft.Demo.Consolas\eXtensoft.Demo.Consolas.csproj", "{382AEFAD-EBC2-4E19-A766-7DA4E611D2B2}"
EndProject
Project("{9A19103F-16F7-4668-BE54-9A1E7A4F7556}") = "DemoWeb", "demo\DemoWeb\DemoWeb.csproj", "{D1D8F97E-0D04-4CE3-9987-1AD8ADE3734A}"
EndProject
Project("{FAE04EC0-301F-11D3-BF4B-00C04F79EFBC}") = "eXtensoft.Demo.Data.MySql", "demo\eXtensoft.Demo.Data.MySql\eXtensoft.Demo.Data.MySql.csproj", "{78E7B17E-62D6-47B1-8085-CEF6787617FC}"
EndProject
Project("{FAE04EC0-301F-11D3-BF4B-00C04F79EFBC}") = "eXtensoft.Demo.Data.SqlServer", "demo\eXtensoft.Demo.Data.SqlServer\eXtensoft.Demo.Data.SqlServer.csproj", "{4D5BAFCE-06CE-4E55-90B4-B4C6C2FA64B9}"
EndProject
Global
	GlobalSection(SolutionConfigurationPlatforms) = preSolution
		Debug|Any CPU = Debug|Any CPU
		Release|Any CPU = Release|Any CPU
	EndGlobalSection
	GlobalSection(ProjectConfigurationPlatforms) = postSolution
		{CF09EA5A-A1C4-4641-AECD-89E0D43B4BB9}.Debug|Any CPU.ActiveCfg = Debug|Any CPU
		{CF09EA5A-A1C4-4641-AECD-89E0D43B4BB9}.Debug|Any CPU.Build.0 = Debug|Any CPU
		{CF09EA5A-A1C4-4641-AECD-89E0D43B4BB9}.Release|Any CPU.ActiveCfg = Release|Any CPU
		{CF09EA5A-A1C4-4641-AECD-89E0D43B4BB9}.Release|Any CPU.Build.0 = Release|Any CPU
		{6F47994F-3BD7-4B4E-BF5C-45839D9136FE}.Debug|Any CPU.ActiveCfg = Debug|Any CPU
		{6F47994F-3BD7-4B4E-BF5C-45839D9136FE}.Debug|Any CPU.Build.0 = Debug|Any CPU
		{6F47994F-3BD7-4B4E-BF5C-45839D9136FE}.Release|Any CPU.ActiveCfg = Release|Any CPU
		{6F47994F-3BD7-4B4E-BF5C-45839D9136FE}.Release|Any CPU.Build.0 = Release|Any CPU
		{89A6D9F7-2EA3-4B67-9791-340E37F5524D}.Debug|Any CPU.ActiveCfg = Debug|Any CPU
		{89A6D9F7-2EA3-4B67-9791-340E37F5524D}.Debug|Any CPU.Build.0 = Debug|Any CPU
		{89A6D9F7-2EA3-4B67-9791-340E37F5524D}.Release|Any CPU.ActiveCfg = Release|Any CPU
		{89A6D9F7-2EA3-4B67-9791-340E37F5524D}.Release|Any CPU.Build.0 = Release|Any CPU
		{8237DAB5-BFA6-4483-8F2D-71729D856064}.Debug|Any CPU.ActiveCfg = Debug|Any CPU
		{8237DAB5-BFA6-4483-8F2D-71729D856064}.Debug|Any CPU.Build.0 = Debug|Any CPU
		{8237DAB5-BFA6-4483-8F2D-71729D856064}.Release|Any CPU.ActiveCfg = Release|Any CPU
		{8237DAB5-BFA6-4483-8F2D-71729D856064}.Release|Any CPU.Build.0 = Release|Any CPU
		{475ACCF1-795F-4D0D-9DA7-1E7D72D908B1}.Debug|Any CPU.ActiveCfg = Debug|Any CPU
		{475ACCF1-795F-4D0D-9DA7-1E7D72D908B1}.Debug|Any CPU.Build.0 = Debug|Any CPU
		{475ACCF1-795F-4D0D-9DA7-1E7D72D908B1}.Release|Any CPU.ActiveCfg = Release|Any CPU
		{475ACCF1-795F-4D0D-9DA7-1E7D72D908B1}.Release|Any CPU.Build.0 = Release|Any CPU
		{F6D2FDF1-84A8-4FB7-B7CC-C57A009CFD21}.Debug|Any CPU.ActiveCfg = Debug|Any CPU
		{F6D2FDF1-84A8-4FB7-B7CC-C57A009CFD21}.Debug|Any CPU.Build.0 = Debug|Any CPU
		{F6D2FDF1-84A8-4FB7-B7CC-C57A009CFD21}.Release|Any CPU.ActiveCfg = Release|Any CPU
		{F6D2FDF1-84A8-4FB7-B7CC-C57A009CFD21}.Release|Any CPU.Build.0 = Release|Any CPU
		{ED521A38-FB4A-43AD-9B42-CD4CE9904C2E}.Debug|Any CPU.ActiveCfg = Debug|Any CPU
		{ED521A38-FB4A-43AD-9B42-CD4CE9904C2E}.Debug|Any CPU.Build.0 = Debug|Any CPU
		{ED521A38-FB4A-43AD-9B42-CD4CE9904C2E}.Release|Any CPU.ActiveCfg = Release|Any CPU
		{ED521A38-FB4A-43AD-9B42-CD4CE9904C2E}.Release|Any CPU.Build.0 = Release|Any CPU
		{FC616ADC-9904-49DB-B081-0B10CB61B673}.Debug|Any CPU.ActiveCfg = Debug|Any CPU
		{FC616ADC-9904-49DB-B081-0B10CB61B673}.Debug|Any CPU.Build.0 = Debug|Any CPU
		{FC616ADC-9904-49DB-B081-0B10CB61B673}.Release|Any CPU.ActiveCfg = Release|Any CPU
		{FC616ADC-9904-49DB-B081-0B10CB61B673}.Release|Any CPU.Build.0 = Release|Any CPU
		{FB9CB1E6-F474-4DCB-833A-98FB5D1C5774}.Debug|Any CPU.ActiveCfg = Debug|Any CPU
		{FB9CB1E6-F474-4DCB-833A-98FB5D1C5774}.Debug|Any CPU.Build.0 = Debug|Any CPU
		{FB9CB1E6-F474-4DCB-833A-98FB5D1C5774}.Release|Any CPU.ActiveCfg = Release|Any CPU
		{FB9CB1E6-F474-4DCB-833A-98FB5D1C5774}.Release|Any CPU.Build.0 = Release|Any CPU
		{990315CE-0C31-4158-8212-36C556AD6C00}.Debug|Any CPU.ActiveCfg = Debug|Any CPU
		{990315CE-0C31-4158-8212-36C556AD6C00}.Debug|Any CPU.Build.0 = Debug|Any CPU
		{990315CE-0C31-4158-8212-36C556AD6C00}.Release|Any CPU.ActiveCfg = Release|Any CPU
		{990315CE-0C31-4158-8212-36C556AD6C00}.Release|Any CPU.Build.0 = Release|Any CPU
		{DF15CED9-BF31-41FC-9698-F30A747F53BF}.Debug|Any CPU.ActiveCfg = Debug|Any CPU
		{DF15CED9-BF31-41FC-9698-F30A747F53BF}.Debug|Any CPU.Build.0 = Debug|Any CPU
		{DF15CED9-BF31-41FC-9698-F30A747F53BF}.Release|Any CPU.ActiveCfg = Release|Any CPU
		{DF15CED9-BF31-41FC-9698-F30A747F53BF}.Release|Any CPU.Build.0 = Release|Any CPU
		{ABBE08BA-C467-4C16-BB97-72264AEADF87}.Debug|Any CPU.ActiveCfg = Debug|Any CPU
		{ABBE08BA-C467-4C16-BB97-72264AEADF87}.Debug|Any CPU.Build.0 = Debug|Any CPU
		{ABBE08BA-C467-4C16-BB97-72264AEADF87}.Release|Any CPU.ActiveCfg = Release|Any CPU
		{ABBE08BA-C467-4C16-BB97-72264AEADF87}.Release|Any CPU.Build.0 = Release|Any CPU
		{730519F9-4CE6-4666-9782-9FACF63FB6BB}.Debug|Any CPU.ActiveCfg = Debug|Any CPU
		{730519F9-4CE6-4666-9782-9FACF63FB6BB}.Debug|Any CPU.Build.0 = Debug|Any CPU
		{730519F9-4CE6-4666-9782-9FACF63FB6BB}.Release|Any CPU.ActiveCfg = Release|Any CPU
		{730519F9-4CE6-4666-9782-9FACF63FB6BB}.Release|Any CPU.Build.0 = Release|Any CPU
		{382AEFAD-EBC2-4E19-A766-7DA4E611D2B2}.Debug|Any CPU.ActiveCfg = Debug|Any CPU
		{382AEFAD-EBC2-4E19-A766-7DA4E611D2B2}.Debug|Any CPU.Build.0 = Debug|Any CPU
		{382AEFAD-EBC2-4E19-A766-7DA4E611D2B2}.Release|Any CPU.ActiveCfg = Release|Any CPU
		{382AEFAD-EBC2-4E19-A766-7DA4E611D2B2}.Release|Any CPU.Build.0 = Release|Any CPU
		{D1D8F97E-0D04-4CE3-9987-1AD8ADE3734A}.Debug|Any CPU.ActiveCfg = Debug|Any CPU
		{D1D8F97E-0D04-4CE3-9987-1AD8ADE3734A}.Debug|Any CPU.Build.0 = Debug|Any CPU
		{D1D8F97E-0D04-4CE3-9987-1AD8ADE3734A}.Release|Any CPU.ActiveCfg = Release|Any CPU
		{D1D8F97E-0D04-4CE3-9987-1AD8ADE3734A}.Release|Any CPU.Build.0 = Release|Any CPU
		{78E7B17E-62D6-47B1-8085-CEF6787617FC}.Debug|Any CPU.ActiveCfg = Debug|Any CPU
		{78E7B17E-62D6-47B1-8085-CEF6787617FC}.Debug|Any CPU.Build.0 = Debug|Any CPU
		{78E7B17E-62D6-47B1-8085-CEF6787617FC}.Release|Any CPU.ActiveCfg = Release|Any CPU
		{78E7B17E-62D6-47B1-8085-CEF6787617FC}.Release|Any CPU.Build.0 = Release|Any CPU
		{4D5BAFCE-06CE-4E55-90B4-B4C6C2FA64B9}.Debug|Any CPU.ActiveCfg = Debug|Any CPU
		{4D5BAFCE-06CE-4E55-90B4-B4C6C2FA64B9}.Debug|Any CPU.Build.0 = Debug|Any CPU
		{4D5BAFCE-06CE-4E55-90B4-B4C6C2FA64B9}.Release|Any CPU.ActiveCfg = Release|Any CPU
		{4D5BAFCE-06CE-4E55-90B4-B4C6C2FA64B9}.Release|Any CPU.Build.0 = Release|Any CPU
	EndGlobalSection
	GlobalSection(SolutionProperties) = preSolution
		HideSolutionNode = FALSE
	EndGlobalSection
	GlobalSection(NestedProjects) = preSolution
		{CF09EA5A-A1C4-4641-AECD-89E0D43B4BB9} = {5262C798-6852-46E1-B837-57D13812DC84}
		{6F47994F-3BD7-4B4E-BF5C-45839D9136FE} = {5262C798-6852-46E1-B837-57D13812DC84}
		{89A6D9F7-2EA3-4B67-9791-340E37F5524D} = {7852C702-B264-4E3D-97B0-A2DE94B9BB04}
		{8237DAB5-BFA6-4483-8F2D-71729D856064} = {7852C702-B264-4E3D-97B0-A2DE94B9BB04}
		{60E22615-BBEA-42B1-A99E-4462F5C6746D} = {DF7B5C0A-1CBB-48DC-A5BB-AC735F98A8BD}
		{475ACCF1-795F-4D0D-9DA7-1E7D72D908B1} = {7852C702-B264-4E3D-97B0-A2DE94B9BB04}
		{F6D2FDF1-84A8-4FB7-B7CC-C57A009CFD21} = {894576DE-EF6D-4552-92B1-4995B9BB8A08}
		{ED521A38-FB4A-43AD-9B42-CD4CE9904C2E} = {894576DE-EF6D-4552-92B1-4995B9BB8A08}
		{FC616ADC-9904-49DB-B081-0B10CB61B673} = {894576DE-EF6D-4552-92B1-4995B9BB8A08}
		{FB9CB1E6-F474-4DCB-833A-98FB5D1C5774} = {894576DE-EF6D-4552-92B1-4995B9BB8A08}
		{990315CE-0C31-4158-8212-36C556AD6C00} = {894576DE-EF6D-4552-92B1-4995B9BB8A08}
		{894576DE-EF6D-4552-92B1-4995B9BB8A08} = {5262C798-6852-46E1-B837-57D13812DC84}
		{DF15CED9-BF31-41FC-9698-F30A747F53BF} = {52C7F042-7B86-4B6D-996C-4FDC31D0880B}
		{ABBE08BA-C467-4C16-BB97-72264AEADF87} = {52C7F042-7B86-4B6D-996C-4FDC31D0880B}
		{730519F9-4CE6-4666-9782-9FACF63FB6BB} = {52C7F042-7B86-4B6D-996C-4FDC31D0880B}
		{382AEFAD-EBC2-4E19-A766-7DA4E611D2B2} = {52C7F042-7B86-4B6D-996C-4FDC31D0880B}
		{D1D8F97E-0D04-4CE3-9987-1AD8ADE3734A} = {52C7F042-7B86-4B6D-996C-4FDC31D0880B}
		{78E7B17E-62D6-47B1-8085-CEF6787617FC} = {52C7F042-7B86-4B6D-996C-4FDC31D0880B}
		{4D5BAFCE-06CE-4E55-90B4-B4C6C2FA64B9} = {52C7F042-7B86-4B6D-996C-4FDC31D0880B}
	EndGlobalSection
	GlobalSection(ExtensibilityGlobals) = postSolution
		SolutionGuid = {4233EE32-8B93-441F-8823-B2C536E6F188}
	EndGlobalSection
EndGlobal
